
Microsoft Visual Studio Solution File, Format Version 12.00
# Visual Studio Version 17
VisualStudioVersion = 17.10.34928.147
MinimumVisualStudioVersion = 10.0.40219.1
Project("{FAE04EC0-301F-11D3-BF4B-00C04F79EFBC}") = "DB-Matcher-v5", "DB-Matcher-v5.csproj", "{4A19AAEE-141D-4D61-BFE8-45846E497535}"
EndProject
Global
	GlobalSection(SolutionConfigurationPlatforms) = preSolution
		Debug|Any CPU = Debug|Any CPU
		Release|Any CPU = Release|Any CPU
	EndGlobalSection
	GlobalSection(ProjectConfigurationPlatforms) = postSolution
		{4A19AAEE-141D-4D61-BFE8-45846E497535}.Debug|Any CPU.ActiveCfg = Debug|Any CPU
		{4A19AAEE-141D-4D61-BFE8-45846E497535}.Debug|Any CPU.Build.0 = Debug|Any CPU
		{4A19AAEE-141D-4D61-BFE8-45846E497535}.Release|Any CPU.ActiveCfg = Release|Any CPU
		{4A19AAEE-141D-4D61-BFE8-45846E497535}.Release|Any CPU.Build.0 = Release|Any CPU
	EndGlobalSection
	GlobalSection(SolutionProperties) = preSolution
		HideSolutionNode = FALSE
	EndGlobalSection
	GlobalSection(ExtensibilityGlobals) = postSolution
		SolutionGuid = {4362F211-CB57-4E5B-BCE1-00BE0497CD11}
	EndGlobalSection
EndGlobal
